
Microsoft Visual Studio Solution File, Format Version 12.00
# Visual Studio Version 16
VisualStudioVersion = 16.0.29613.14
MinimumVisualStudioVersion = 10.0.40219.1
Project("{8BC9CEB8-8B4A-11D0-8D11-00A0C91BC942}") = "Default Arguments and or Parameters", "Default Arguments and or Parameters\Default Arguments and or Parameters.vcxproj", "{6AA93779-6A82-414E-A7AB-A258C1F0853C}"
EndProject
Global
	GlobalSection(SolutionConfigurationPlatforms) = preSolution
		Debug|x64 = Debug|x64
		Debug|x86 = Debug|x86
		Release|x64 = Release|x64
		Release|x86 = Release|x86
	EndGlobalSection
	GlobalSection(ProjectConfigurationPlatforms) = postSolution
		{6AA93779-6A82-414E-A7AB-A258C1F0853C}.Debug|x64.ActiveCfg = Debug|x64
		{6AA93779-6A82-414E-A7AB-A258C1F0853C}.Debug|x64.Build.0 = Debug|x64
		{6AA93779-6A82-414E-A7AB-A258C1F0853C}.Debug|x86.ActiveCfg = Debug|Win32
		{6AA93779-6A82-414E-A7AB-A258C1F0853C}.Debug|x86.Build.0 = Debug|Win32
		{6AA93779-6A82-414E-A7AB-A258C1F0853C}.Release|x64.ActiveCfg = Release|x64
		{6AA93779-6A82-414E-A7AB-A258C1F0853C}.Release|x64.Build.0 = Release|x64
		{6AA93779-6A82-414E-A7AB-A258C1F0853C}.Release|x86.ActiveCfg = Release|Win32
		{6AA93779-6A82-414E-A7AB-A258C1F0853C}.Release|x86.Build.0 = Release|Win32
	EndGlobalSection
	GlobalSection(SolutionProperties) = preSolution
		HideSolutionNode = FALSE
	EndGlobalSection
	GlobalSection(ExtensibilityGlobals) = postSolution
		SolutionGuid = {22EF1F20-D206-4E21-8DD5-4237CA355D09}
	EndGlobalSection
EndGlobal
